
Microsoft Visual Studio Solution File, Format Version 12.00
# Visual Studio 15
VisualStudioVersion = 15.0.28010.2036
MinimumVisualStudioVersion = 10.0.40219.1
Project("{FAE04EC0-301F-11D3-BF4B-00C04F79EFBC}") = "MathQuiz", "MathQuiz\MathQuiz.csproj", "{680B4074-0C29-4862-9682-534ADCC77954}"
EndProject
Global
	GlobalSection(SolutionConfigurationPlatforms) = preSolution
		Debug|Any CPU = Debug|Any CPU
		Release|Any CPU = Release|Any CPU
	EndGlobalSection
	GlobalSection(ProjectConfigurationPlatforms) = postSolution
		{680B4074-0C29-4862-9682-534ADCC77954}.Debug|Any CPU.ActiveCfg = Debug|Any CPU
		{680B4074-0C29-4862-9682-534ADCC77954}.Debug|Any CPU.Build.0 = Debug|Any CPU
		{680B4074-0C29-4862-9682-534ADCC77954}.Release|Any CPU.ActiveCfg = Release|Any CPU
		{680B4074-0C29-4862-9682-534ADCC77954}.Release|Any CPU.Build.0 = Release|Any CPU
	EndGlobalSection
	GlobalSection(SolutionProperties) = preSolution
		HideSolutionNode = FALSE
	EndGlobalSection
	GlobalSection(ExtensibilityGlobals) = postSolution
		SolutionGuid = {AD9E7C89-A041-4C32-8E1D-38E095E6A930}
	EndGlobalSection
EndGlobal
